{
    "hash": "ce6069deacad826dc73104178bab6543",
    "packages": [
        {
            "name": "beech/cla",
            "version": "dev-development",
            "source": {
                "type": "git",
                "url": "ssh://git.beech.local/EHRM/Package/CLA.git",
                "reference": "309970e91f6d76efae78e91f996f66e0aaaac9cc"
            },
            "require": {
                "typo3/flow": "*",
                "beech/ehrm": "*"
            },
            "time": "1349800269",
            "type": "typo3-flow-package",
            "installation-source": "source",
            "autoload": {
                "psr-0": {
                    "Beech\\CLA": "Classes"
                }
            }
        },
        {
            "name": "beech/document",
            "version": "dev-development",
            "source": {
                "type": "git",
                "url": "ssh://git.beech.local/EHRM/Package/Document.git",
                "reference": "91e7cb1da5f73985bb5320bd25e7d81b635595ec"
            },
            "require": {
                "typo3/flow": "*",
                "beech/ehrm": "*"
            },
            "time": "1349786559",
            "type": "typo3-flow-package",
            "installation-source": "source",
            "autoload": {
                "psr-0": {
                    "Beech\\Document": "Classes"
                }
            }
        },
        {
            "name": "beech/ehrm",
            "version": "dev-development",
            "source": {
                "type": "git",
                "url": "ssh://git.beech.local/EHRM/Package/Ehrm.git",
                "reference": "497989b51ce1380799c18c21db377a46e7fefcdd"
            },
            "require": {
                "typo3/flow": "*"
            },
            "time": "1349801346",
            "type": "typo3-flow-package",
            "installation-source": "source",
            "autoload": {
                "psr-0": {
                    "Beech\\Ehrm": "Classes"
                }
            }
        },
        {
            "name": "beech/minutes",
            "version": "dev-development",
            "source": {
                "type": "git",
                "url": "ssh://git.beech.local/EHRM/Package/Minutes.git",
                "reference": "af6939c8ac9b6daebf976e0d1b8c25bb1ce5c802"
            },
            "require": {
                "typo3/flow": "*",
                "beech/ehrm": "*"
            },
            "time": "1349694776",
            "type": "typo3-flow-package",
            "installation-source": "source",
            "autoload": {
                "psr-0": {
                    "Beech\\Minutes": "Classes"
                }
            }
        },
        {
            "name": "beech/party",
            "version": "dev-development",
            "source": {
                "type": "git",
                "url": "ssh://git.beech.local/EHRM/Package/Party.git",
                "reference": "d728ddf0c154b8562335ea837ab3a37bc8196acd"
            },
            "require": {
                "typo3/flow": "*",
                "beech/ehrm": "*"
            },
            "time": "1349795980",
            "type": "typo3-flow-package",
            "installation-source": "source",
            "autoload": {
                "psr-0": {
                    "Beech\\Party": "Classes"
                }
            }
        },
        {
            "name": "beech/task",
            "version": "dev-development",
            "source": {
                "type": "git",
                "url": "ssh://git.beech.local/EHRM/Package/Task.git",
                "reference": "8bfd665dbe0a10828d92c69a306034d1050d94f3"
            },
            "require": {
                "typo3/flow": "*",
                "beech/ehrm": "*"
            },
            "time": "1349701132",
            "type": "typo3-flow-package",
            "installation-source": "source",
            "autoload": {
                "psr-0": {
                    "Beech\\Task": "Classes"
                }
            }
        },
        {
            "name": "beech/workflow",
            "version": "dev-development",
            "source": {
                "type": "git",
                "url": "ssh://git.beech.local/EHRM/Package/WorkFlow.git",
                "reference": "a53961c4d3f8767280a00cf7ddd5d49c9b695e7e"
            },
            "require": {
                "typo3/flow": "*",
                "beech/ehrm": "*",
                "typo3/queue-redis": "*"
            },
            "time": "1349792178",
            "type": "typo3-flow-package",
            "installation-source": "source",
            "autoload": {
                "psr-0": {
                    "Beech\\WorkFlow": "Classes"
                }
            }
        },
        {
            "name": "doctrine/common",
            "version": "2.2.3",
            "source": {
                "type": "git",
                "url": "https://github.com/doctrine/common",
                "reference": "2.2.3"
            },
            "dist": {
                "type": "zip",
                "url": "https://github.com/doctrine/common/zipball/2.2.3",
                "reference": "2.2.3",
                "shasum": ""
            },
            "require": {
                "php": ">=5.3.2"
            },
            "time": "2012-08-29 08:04:14",
            "type": "library",
            "installation-source": "dist",
            "autoload": {
                "psr-0": {
                    "Doctrine\\Common": "lib/"
                }
            },
            "license": [
                "LGPL"
            ],
            "authors": [
                {
                    "name": "Jonathan Wage",
                    "email": "jonwage@gmail.com",
                    "homepage": "http://www.jwage.com/"
                },
                {
                    "name": "Guilherme Blanco",
                    "email": "guilhermeblanco@gmail.com",
                    "homepage": "http://www.instaclick.com"
                },
                {
                    "name": "Roman Borschel",
                    "email": "roman@code-factory.org"
                },
                {
                    "name": "Benjamin Eberlei",
                    "email": "kontakt@beberlei.de"
                },
                {
                    "name": "Johannes Schmitt",
                    "email": "schmittjoh@gmail.com",
                    "homepage": "https://github.com/schmittjoh",
                    "role": "Developer of wrapped JMSSerializerBundle"
                }
            ],
            "description": "Common Library for Doctrine projects",
            "homepage": "http://www.doctrine-project.org",
            "keywords": [
                "collections",
                "spl",
                "eventmanager",
                "annotations",
                "persistence"
            ]
        },
        {
            "name": "doctrine/dbal",
            "version": "2.2.2",
            "source": {
                "type": "git",
                "url": "https://github.com/doctrine/dbal",
                "reference": "2.2.2"
            },
            "dist": {
                "type": "zip",
                "url": "https://github.com/doctrine/dbal/zipball/2.2.2",
                "reference": "2.2.2",
                "shasum": ""
            },
            "require": {
                "php": ">=5.3.2",
                "doctrine/common": ">=2.2.0,<=2.2.99"
            },
            "time": "2012-04-13 07:56:12",
            "type": "library",
            "installation-source": "dist",
            "autoload": {
                "psr-0": {
                    "Doctrine\\DBAL": "lib/"
                }
            },
            "license": [
                "LGPL"
            ],
            "authors": [
                {
                    "name": "Jonathan Wage",
                    "email": "jonwage@gmail.com",
                    "homepage": "http://www.jwage.com/"
                },
                {
                    "name": "Guilherme Blanco",
                    "email": "guilhermeblanco@gmail.com",
                    "homepage": "http://www.instaclick.com"
                },
                {
                    "name": "Roman Borschel",
                    "email": "roman@code-factory.org"
                },
                {
                    "name": "Benjamin Eberlei",
                    "email": "kontakt@beberlei.de"
                }
            ],
            "description": "Database Abstraction Layer",
            "homepage": "http://www.doctrine-project.org",
            "keywords": [
                "database",
                "persistence",
                "dbal",
                "queryobject"
            ]
        },
        {
            "name": "doctrine/migrations",
            "version": "dev-master",
            "source": {
                "type": "git",
                "url": "https://github.com/doctrine/migrations",
                "reference": "b38ddb190ec78d389b2c2de838b2a4d646ad1ce2"
            },
            "dist": {
                "type": "zip",
                "url": "https://github.com/doctrine/migrations/zipball/b38ddb190ec78d389b2c2de838b2a4d646ad1ce2",
                "reference": "b38ddb190ec78d389b2c2de838b2a4d646ad1ce2",
                "shasum": ""
            },
            "require": {
                "php": ">=5.3.2",
                "doctrine/dbal": ">=2.0,<2.5.x-dev"
            },
            "require-dev": {
                "symfony/console": "2.*",
                "symfony/yaml": "2.*"
            },
            "suggest": {
                "symfony/console": "to run the migration from the console"
            },
            "time": "1349435713",
            "type": "library",
            "installation-source": "source",
            "autoload": {
                "psr-0": {
                    "Doctrine\\DBAL\\Migrations": "lib"
                }
            },
            "license": [
                "LGPL"
            ],
            "authors": [
                {
                    "name": "Jonathan Wage",
                    "email": "jonwage@gmail.com",
                    "homepage": "http://www.jwage.com/"
                },
                {
                    "name": "Benjamin Eberlei",
                    "email": "kontakt@beberlei.de"
                }
            ],
            "description": "Database Schema migrations using Doctrine DBAL",
            "homepage": "http://www.doctrine-project.org",
            "keywords": [
                "database",
                "migrations"
            ]
        },
        {
            "name": "doctrine/orm",
            "version": "2.2.2",
            "source": {
                "type": "git",
                "url": "git://github.com/doctrine/doctrine2.git",
                "reference": "2.2.2"
            },
            "dist": {
                "type": "zip",
                "url": "https://github.com/doctrine/doctrine2/zipball/2.2.2",
                "reference": "2.2.2",
                "shasum": ""
            },
            "require": {
                "php": ">=5.3.2",
                "ext-pdo": "*",
                "doctrine/common": ">=2.2.0,<2.2.99",
                "doctrine/dbal": ">=2.2.1,<2.2.99"
            },
            "time": "2012-04-13 08:02:34",
            "type": "library",
            "installation-source": "dist",
            "autoload": {
                "psr-0": {
                    "Doctrine\\ORM": "lib/"
                }
            },
            "license": [
                "LGPL"
            ],
            "authors": [
                {
                    "name": "Jonathan Wage",
                    "email": "jonwage@gmail.com",
                    "homepage": "http://www.jwage.com/"
                },
                {
                    "name": "Guilherme Blanco",
                    "email": "guilhermeblanco@gmail.com",
                    "homepage": "http://www.instaclick.com"
                },
                {
                    "name": "Roman Borschel",
                    "email": "roman@code-factory.org"
                },
                {
                    "name": "Benjamin Eberlei",
                    "email": "kontakt@beberlei.de"
                }
            ],
            "description": "Object-Relational-Mapper for PHP",
            "homepage": "http://www.doctrine-project.org",
            "keywords": [
                "database",
                "orm"
            ]
        },
        {
            "name": "predis/predis",
            "version": "dev-master",
            "source": {
                "type": "git",
                "url": "git://github.com/nrk/predis.git",
                "reference": "2b4cf80d9084113dfe5b9c242f78987a52c2d213"
            },
            "dist": {
                "type": "zip",
                "url": "https://github.com/nrk/predis/zipball/2b4cf80d9084113dfe5b9c242f78987a52c2d213",
                "reference": "2b4cf80d9084113dfe5b9c242f78987a52c2d213",
                "shasum": ""
            },
            "require": {
                "php": ">=5.3.0"
            },
            "suggest": {
                "ext-phpiredis": "Allows faster serialization and deserialization of the Redis protocol",
                "ext-curl": "Allows access to Webdis when paired with phpiredis"
            },
            "time": "1347984311",
            "type": "library",
            "installation-source": "source",
            "autoload": {
                "psr-0": {
                    "Predis": "lib/"
                }
            },
            "license": [
                "MIT"
            ],
            "authors": [
                {
                    "name": "Daniele Alessandri",
                    "email": "suppakilla@gmail.com",
                    "homepage": "http://clorophilla.net"
                }
            ],
            "description": "Flexible and feature-complete PHP client library for Redis",
            "homepage": "http://github.com/nrk/predis",
            "keywords": [
                "nosql",
                "redis",
                "predis"
            ]
        },
        {
            "name": "symfony/dom-crawler",
            "version": "dev-master",
            "target-dir": "Symfony/Component/DomCrawler",
            "source": {
                "type": "git",
                "url": "https://github.com/symfony/DomCrawler",
                "reference": "33f52798e13a5be2c4579ba5a6dd7ecbfbe4fe28"
            },
            "dist": {
                "type": "zip",
                "url": "https://github.com/symfony/DomCrawler/zipball/33f52798e13a5be2c4579ba5a6dd7ecbfbe4fe28",
                "reference": "33f52798e13a5be2c4579ba5a6dd7ecbfbe4fe28",
                "shasum": ""
            },
            "require": {
                "php": ">=5.3.3"
            },
            "require-dev": {
                "symfony/css-selector": "2.2.*"
            },
            "suggest": {
                "symfony/css-selector": "2.2.*"
            },
            "time": "1349785579",
            "type": "library",
            "extra": {
                "branch-alias": {
                    "dev-master": "2.2-dev"
                }
            },
            "installation-source": "source",
            "autoload": {
                "psr-0": {
                    "Symfony\\Component\\DomCrawler\\": ""
                }
            },
            "license": [
                "MIT"
            ],
            "authors": [
                {
                    "name": "Fabien Potencier",
                    "email": "fabien@symfony.com"
                },
                {
                    "name": "Symfony Community",
                    "homepage": "http://symfony.com/contributors"
                }
            ],
            "description": "Symfony DomCrawler Component",
            "homepage": "http://symfony.com"
        },
        {
            "name": "symfony/yaml",
            "version": "dev-master",
            "target-dir": "Symfony/Component/Yaml",
            "source": {
                "type": "git",
                "url": "https://github.com/symfony/Yaml",
                "reference": "1f7ba14c4b263dbf701e25705b0b2175a850a784"
            },
            "dist": {
                "type": "zip",
                "url": "https://github.com/symfony/Yaml/zipball/1f7ba14c4b263dbf701e25705b0b2175a850a784",
                "reference": "1f7ba14c4b263dbf701e25705b0b2175a850a784",
                "shasum": ""
            },
            "require": {
                "php": ">=5.3.3"
            },
            "time": "1349553479",
            "type": "library",
            "extra": {
                "branch-alias": {
                    "dev-master": "2.2-dev"
                }
            },
            "installation-source": "source",
            "autoload": {
                "psr-0": {
                    "Symfony\\Component\\Yaml\\": ""
                }
            },
            "license": [
                "MIT"
            ],
            "authors": [
                {
                    "name": "Fabien Potencier",
                    "email": "fabien@symfony.com"
                },
                {
                    "name": "Symfony Community",
                    "homepage": "http://symfony.com/contributors"
                }
            ],
            "description": "Symfony Yaml Component",
            "homepage": "http://symfony.com"
        },
        {
            "name": "twitter/bootstrap",
            "version": "dev-master",
            "source": {
                "type": "git",
                "url": "git://git.typo3.org/FLOW3/Packages/Twitter.Bootstrap.git",
                "reference": "661368624b54464d2af838bb9b871835903c7581"
            },
            "require": {
                "typo3/flow": "*"
            },
            "time": "1349122871",
            "type": "typo3-flow-library",
            "installation-source": "source",
            "autoload": {
                "psr-0": {
                    "Twitter\\Bootstrap": "Classes"
                }
            },
            "description": "Simple and flexible HTML, CSS, and Javascript for popular user interface components and interactions."
        },
        {
            "name": "typo3/eel",
            "version": "dev-master",
            "source": {
                "type": "git",
                "url": "git://git.typo3.org/FLOW3/Packages/TYPO3.Eel.git",
                "reference": "e22fc1aa7dc198b31abfc29f47e7a92b36bd2f33"
            },
            "require": {
                "typo3/flow": "*"
            },
            "time": "1349121276",
            "type": "typo3-flow-library",
            "installation-source": "source",
            "autoload": {
                "psr-0": {
                    "TYPO3\\Eel": "Classes"
                }
            }
        },
        {
            "name": "typo3/flow",
            "version": "dev-master",
            "source": {
                "type": "git",
                "url": "git://git.typo3.org/FLOW3/Packages/TYPO3.FLOW3.git",
                "reference": "ee8f8e1d898c15549c22278e3fe80cd5702df182"
            },
            "require": {
                "php": ">=5.3.2",
                "ext-zlib": "*",
                "ext-spl": "*",
                "ext-json": ">=1.2.0",
                "ext-session": "*",
                "typo3/fluid": "*",
                "typo3/party": "*",
                "doctrine/orm": "2.2.2",
                "doctrine/migrations": "*",
                "symfony/yaml": ">2.1.0",
                "symfony/dom-crawler": ">2.0.16",
                "typo3/flow-composer-installers": "*"
            },
            "time": "1349782946",
            "type": "typo3-flow-framework",
            "installation-source": "source",
            "autoload": {
                "psr-0": {
                    "TYPO3\\Flow": "Classes"
                }
            },
            "license": [
                "LGPL-3.0+"
            ],
            "authors": [
                {
                    "name": "TYPO3 Flow Development Team",
                    "homepage": "http://typo3.org/teams/core-development-team/"
                }
            ],
            "description": "TYPO3 Flow Application Framework",
            "homepage": "http://flow.typo3.org",
            "keywords": [
                "framework"
            ]
        },
        {
            "name": "typo3/flow-composer-installers",
            "version": "dev-master",
            "source": {
                "type": "git",
                "url": "git://github.com/christianjul/installers.git",
                "reference": "1fe72c0bfad09668a47acfa3c60da2db429adb4d"
            },
            "replace": {
                "shama/baton": "*"
            },
            "require-dev": {
                "composer/composer": "1.0.*"
            },
            "time": "1349285823",
            "type": "composer-installer",
            "extra": {
                "class": "Composer\\Installers\\Installer"
            },
            "installation-source": "source",
            "autoload": {
                "psr-0": {
                    "Composer\\Installers\\": "src/"
                }
            },
            "license": [
                "MIT"
            ],
            "authors": [
                {
                    "name": "Kyle Robinson Young",
                    "email": "kyle@dontkry.com",
                    "homepage": "https://github.com/shama"
                }
            ],
            "description": "A multi-framework Composer library installer",
            "homepage": "http://composer.github.com/installers/",
            "keywords": [
                "installer",
                "cakephp",
                "laravel",
                "kohana",
                "li3",
                "lithium",
                "fuelphp",
                "codeigniter",
                "symfony",
                "phpbb",
                "ppi",
                "joomla",
                "wordpress",
                "drupal",
                "zend",
                "silverstripe",
                "TYPO3 Flow"
            ]
        },
        {
            "name": "typo3/fluid",
            "version": "dev-master",
            "source": {
                "type": "git",
                "url": "git://git.typo3.org/FLOW3/Packages/TYPO3.Fluid.git",
                "reference": "913272d4260fd75610a195192969a926af48e94d"
            },
            "require": {
                "typo3/flow-composer-installers": "*",
                "typo3/flow": "*"
            },
            "time": "1349283709",
            "type": "typo3-flow-framework",
            "installation-source": "source",
            "autoload": {
                "psr-0": {
                    "TYPO3\\Fluid": "Classes"
                }
            },
            "license": [
                "LGPL-3.0+"
            ],
            "description": "Next-Generation Templating Framework for TYPO3 Flow and TYPO3 5.0, also backported to TYPO3 4.x"
        },
        {
            "name": "typo3/form",
            "version": "dev-master",
            "source": {
                "type": "git",
                "url": "git://git.typo3.org/FLOW3/Packages/TYPO3.Form.git",
                "reference": "366aa160061a308340b3f01d32488b61ea990654"
            },
            "require": {
                "typo3/flow": "*"
            },
            "time": "1349121735",
            "type": "typo3-flow-library",
            "installation-source": "source",
            "autoload": {
                "psr-0": {
                    "TYPO3\\Form": "Classes"
                }
            },
            "description": "Extensible and flexible API for building web forms"
        },
        {
            "name": "typo3/formbuilder",
            "version": "dev-master",
            "source": {
                "type": "git",
                "url": "git://git.typo3.org/FLOW3/Packages/TYPO3.FormBuilder.git",
                "reference": "51f1b6a09851d97e2440cafe6cbec5a95b5f456d"
            },
            "require": {
                "typo3/flow": "*",
                "typo3/form": "*"
            },
            "time": "1349783475",
            "type": "typo3-flow-library",
            "installation-source": "source",
            "autoload": {
                "psr-0": {
                    "TYPO3\\FormBuilder": "Classes"
                }
            },
            "description": "Graphical User Interface for creating and editing Forms based on the TYPO3 Flow Form Framework"
        },
        {
            "name": "typo3/ldap",
            "version": "dev-master",
            "source": {
                "type": "git",
                "url": "git://git.typo3.org/FLOW3/Packages/LDAP.git",
                "reference": "3e621f8d2e2ae2f6082dd58638a4330c05fbd115"
            },
            "require": {
                "typo3/flow": "*"
            },
            "time": "1349709668",
            "type": "typo3-flow-library",
            "installation-source": "source",
            "autoload": {
                "psr-0": {
                    "TYPO3\\LDAP": "Classes"
                }
            },
            "description": "LDAP Authentication for Flow"
        },
        {
            "name": "typo3/party",
            "version": "dev-master",
            "source": {
                "type": "git",
                "url": "git://git.typo3.org/FLOW3/Packages/TYPO3.Party.git",
                "reference": "930a1d41535f8fbe771e215d04eba5f71ccdb5bc"
            },
            "require": {
                "typo3/flow-composer-installers": "*",
                "typo3/flow": "*"
            },
            "time": "1349341725",
            "type": "typo3-flow-framework",
            "installation-source": "source",
            "autoload": {
                "psr-0": {
                    "TYPO3\\Party": "Classes"
                }
            },
            "license": [
                "LGPL-3.0+"
            ],
            "description": "A PHP implementation of the OASIS Customer Information Quality (CIQ) XML Standard."
        },
        {
            "name": "typo3/queue",
            "version": "dev-master",
            "source": {
                "type": "git",
                "url": "git://github.com/radmiraal/TYPO3.Queue.git",
                "reference": "6fd6469e97b56116d479998273ce494a1b4e95c0"
            },
            "require": {
                "typo3/flow": "*"
            },
            "time": "1349857489",
            "type": "typo3-flow-library",
            "installation-source": "source",
            "autoload": {
                "psr-0": {
                    "TYPO3\\Queue": "Classes"
                }
            }
        },
        {
            "name": "typo3/queue-redis",
            "version": "dev-master",
            "source": {
                "type": "git",
                "url": "git://git.typo3.org/FLOW3/Packages/TYPO3.Queue.Redis.git",
                "reference": "bbfdf6ada94caf6ad5c147a99f0aac1cbc0e3ddc"
            },
            "require": {
                "typo3/flow": "*",
                "typo3/queue": "*",
                "predis/predis": "*"
            },
            "time": "1349851779",
            "type": "typo3-flow-library",
            "installation-source": "source",
            "autoload": {
                "psr-0": {
                    "TYPO3\\Queue\\Redis": "Classes"
                }
            }
        },
        {
            "name": "typo3/surf",
            "version": "dev-master",
            "source": {
                "type": "git",
                "url": "git://git.typo3.org/FLOW3/Packages/TYPO3.Surf.git",
                "reference": "b90619df329ae54a1ac0719c0bbce6782f055600"
            },
            "require": {
                "typo3/flow": "*"
            },
            "time": "1349360854",
            "type": "typo3-flow-library",
            "installation-source": "source",
            "autoload": {
                "psr-0": {
                    "TYPO3\\Surf": "Classes"
                }
            }
        },
        {
            "name": "typo3/tcpdf",
            "version": "dev-master",
            "source": {
                "type": "git",
                "url": "git://git.typo3.org/FLOW3/Packages/TYPO3.TcPdf.git",
                "reference": "2ee8dae83ad93c9d56394e2aede9458772865725"
            },
            "require": {
                "typo3/flow": "*"
            },
            "time": "1349777876",
            "type": "typo3-flow-library",
            "installation-source": "source",
            "autoload": {
                "psr-0": {
                    "TYPO3\\TcPdf": "Classes"
                }
            }
        },
        {
            "name": "typo3/typoscript",
            "version": "dev-master",
            "source": {
                "type": "git",
                "url": "git://git.typo3.org/FLOW3/Packages/TYPO3.TypoScript.git",
                "reference": "a5f2488c660065c316c06d2dde912500c1fcb456"
            },
            "require": {
                "typo3/flow": "*",
                "typo3/eel": "*"
            },
            "time": "1349122770",
            "type": "typo3-flow-library",
            "installation-source": "source",
            "autoload": {
                "psr-0": {
                    "TYPO3\\TypoScript": "Classes"
                }
            }
        }
    ],
    "packages-dev": [
        {
            "name": "beech/essentials",
            "version": "dev-master",
            "source": {
                "type": "git",
                "url": "ssh://git.beech.local/Beech/BuildEssentials.git",
                "reference": "c2c3e7696cbff61f2d7b390c4bf35b049f3fd2c0"
            },
            "require": {
                "php": ">=5.3.2",
                "typo3/flow-composer-installers": "*"
            },
            "time": "1349701634",
            "type": "typo3-flow-build",
            "installation-source": "source",
            "description": "Beech Flow Build Toolchain Essentials"
        },
        {
            "name": "beech/style",
            "version": "dev-development",
            "source": {
                "type": "git",
                "url": "ssh://git.beech.local/EHRM/Package/Style.git",
                "reference": "6b5865c94764783813cd040c45bc1b2e1dc4bcb2"
            },
            "require": {
                "typo3/flow": "*",
                "beech/ehrm": "*"
            },
            "time": "1349802060",
            "type": "typo3-flow-tools",
            "installation-source": "source",
            "autoload": {
                "psr-0": {
                    "Beech\\Style": "Classes"
                }
            }
        },
        {
            "name": "debug/toolbar",
            "version": "dev-master",
            "source": {
                "type": "git",
                "url": "git://github.com/mneuhaus/Debug.Toolbar.git",
                "reference": "7f4d7d5d9eaf46e0dc631e772cb065858a8e2b5c"
            },
            "require": {
                "typo3/flow": "*"
            },
            "time": "1349860298",
            "type": "typo3-flow-library",
            "installation-source": "source",
            "autoload": {
                "psr-0": {
                    "Debug\\Toolbar": "Classes"
                }
            }
        },
        {
            "name": "mikey179/vfsStream",
            "version": "v1.1.0",
            "source": {
                "type": "git",
                "url": "https://github.com/mikey179/vfsStream",
                "reference": "v1.1.0"
            },
            "dist": {
                "type": "zip",
                "url": "https://github.com/mikey179/vfsStream/zipball/v1.1.0",
                "reference": "v1.1.0",
                "shasum": ""
            },
            "require": {
                "php": ">=5.3.0"
            },
            "time": "2012-08-25 12:49:29",
            "type": "library",
            "installation-source": "dist",
            "autoload": {
                "psr-0": {
                    "org\\bovigo\\vfs": "src/main/php"
                }
            },
            "license": [
                "BSD"
            ],
            "homepage": "http://vfs.bovigo.org/"
        },
        {
            "name": "typo3/buildessentials",
            "version": "dev-master",
            "source": {
                "type": "git",
                "url": "git://git.typo3.org/FLOW3/BuildEssentials.git",
                "reference": "66c20c4e3815baedf75c9054cd0ae7d51ca4def3"
            },
            "require": {
                "php": ">=5.3.2",
                "typo3/flow-composer-installers": "*"
            },
            "time": "1349466255",
            "type": "typo3-flow-build",
            "installation-source": "source",
            "license": [
                "LGPL-3.0+"
            ],
            "description": "TYPO3 Flow Build Toolchain Essentials"
        },
        {
            "name": "typo3/kickstart",
            "version": "dev-master",
            "source": {
                "type": "git",
                "url": "git://git.typo3.org/FLOW3/Packages/TYPO3.Kickstart.git",
                "reference": "4280efb254988ba03c6c1d2013377fd026cd1e29"
            },
            "require": {
                "typo3/flow": "*"
            },
            "time": "1349281880",
            "type": "typo3-flow-framework",
            "installation-source": "source",
            "autoload": {
                "psr-0": {
                    "TYPO3\\Kickstart": "Classes"
                }
            },
            "license": [
                "LGPL-3.0+"
            ],
            "description": "A simple generator for controller and views."
        }
    ],
    "aliases": [

    ],
    "minimum-stability": "dev",
    "stability-flags": {
        "typo3/flow": 20,
        "typo3/eel": 20,
        "typo3/form": 20,
        "typo3/formbuilder": 20,
        "typo3/tcpdf": 20,
        "typo3/typoscript": 20,
        "typo3/surf": 20,
        "typo3/ldap": 20,
        "twitter/bootstrap": 20,
        "beech/ehrm": 20,
        "beech/party": 20,
        "beech/task": 20,
        "beech/cla": 20,
        "beech/document": 20,
        "beech/workflow": 20,
        "beech/minutes": 20,
        "typo3/buildessentials": 20,
        "beech/essentials": 20,
        "typo3/kickstart": 20,
        "beech/style": 20,
        "debug/toolbar": 20
    }
}
