{
    "hash": "2544f082088be630d6aab5a6493ddb7a",
    "packages": [
        {
            "name": "beech/absence",
            "version": "dev-development",
            "source": {
                "type": "git",
                "url": "ssh://git.beech.local/EHRM/Package/Absence.git",
                "reference": "874aa34c86171d4282dc0f1009a1c5d2daaef646"
            },
            "require": {
                "typo3/flow": "*",
                "beech/ehrm": "*"
            },
            "time": "1352751644",
            "type": "typo3-flow-beech",
            "installation-source": "source",
            "autoload": {
                "psr-0": {
                    "Beech\\Absence": "Classes"
                }
            }
        },
        {
            "name": "beech/calendar",
            "version": "dev-development",
            "source": {
                "type": "git",
                "url": "ssh://git.beech.local/EHRM/Package/Calendar.git",
                "reference": "cc3c2db25c5432fd34d717da5cd66a6bed6b3bfb"
            },
            "require": {
                "typo3/flow": "*",
                "beech/ehrm": "*",
                "beech/party": "*"
            },
            "type": "typo3-flow-beech",
            "installation-source": "source",
            "autoload": {
                "psr-0": {
                    "Beech\\Calendar": "Classes"
                }
            },
            "time": "1351612567"
        },
        {
            "name": "beech/cla",
            "version": "dev-development",
            "source": {
                "type": "git",
                "url": "ssh://git.beech.local/EHRM/Package/CLA.git",
                "reference": "cddeb2728fb6af00799575a5bf2645ac41c67d77"
            },
            "require": {
                "typo3/flow": "*",
                "beech/ehrm": "*",
                "beech/party": "*"
            },
            "time": "1352899319",
            "type": "typo3-flow-beech",
            "installation-source": "source",
            "autoload": {
                "psr-0": {
                    "Beech\\CLA": "Classes"
                }
            }
        },
        {
            "name": "beech/document",
            "version": "dev-development",
            "source": {
                "type": "git",
                "url": "ssh://git.beech.local/EHRM/Package/Document.git",
                "reference": "1a3354fc80806cdcfc9d4dbcc1a80ed68d7afa6f"
            },
            "require": {
                "typo3/flow": "*",
                "beech/ehrm": "*"
            },
            "type": "typo3-flow-beech",
            "installation-source": "source",
            "autoload": {
                "psr-0": {
                    "Beech\\Document": "Classes"
                }
            },
            "time": "1351612600"
        },
        {
            "name": "beech/ehrm",
            "version": "dev-development",
            "source": {
                "type": "git",
                "url": "ssh://git.beech.local/EHRM/Package/Ehrm.git",
                "reference": "c97195c6ef18358e42aec81b7c7c10d9e83cd93e"
            },
            "require": {
                "typo3/flow": "*"
            },
            "time": "1352911717",
            "type": "typo3-flow-beech",
            "installation-source": "source",
            "autoload": {
                "psr-0": {
                    "Beech\\Ehrm": "Classes"
                }
            }
        },
        {
            "name": "beech/essentials",
            "version": "dev-master",
            "source": {
                "type": "git",
                "url": "ssh://git.beech.local/Beech/BuildEssentials.git",
                "reference": "5cc0671daef9e22f0aa61d793813a83d9d0234a6"
            },
            "require": {
                "php": ">=5.3.2",
                "typo3/flow-composer-installers": "*"
            },
            "time": "1351242794",
            "type": "typo3-flow-build",
            "installation-source": "source",
            "description": "Beech Flow Build Toolchain Essentials"
        },
        {
            "name": "beech/minutes",
            "version": "dev-development",
            "source": {
                "type": "git",
                "url": "ssh://git.beech.local/EHRM/Package/Minutes.git",
                "reference": "5fafdcc9095ece552abc77cdbf6e85902e3ba60e"
            },
            "require": {
                "typo3/flow": "*",
                "beech/ehrm": "*",
                "beech/party": "*"
            },
            "type": "typo3-flow-beech",
            "installation-source": "source",
            "autoload": {
                "psr-0": {
                    "Beech\\Minutes": "Classes"
                }
            },
            "time": "1351612633"
        },
        {
            "name": "beech/party",
            "version": "dev-development",
            "source": {
                "type": "git",
                "url": "ssh://git.beech.local/EHRM/Package/Party.git",
                "reference": "fbb28657e761c97f0463703fc218ff5606fd7e15"
            },
            "require": {
                "typo3/flow": "*",
                "beech/ehrm": "*"
            },
            "time": "1352747187",
            "type": "typo3-flow-beech",
            "installation-source": "source",
            "autoload": {
                "psr-0": {
                    "Beech\\Party": "Classes"
                }
            }
        },
        {
            "name": "beech/task",
            "version": "dev-development",
            "source": {
                "type": "git",
                "url": "ssh://git.beech.local/EHRM/Package/Task.git",
                "reference": "a747294d5f2953431fe9aab0e743d9da1522ebe4"
            },
            "require": {
                "typo3/flow": "*",
                "beech/ehrm": "*"
            },
            "time": "1352733631",
            "type": "typo3-flow-beech",
            "installation-source": "source",
            "autoload": {
                "psr-0": {
                    "Beech\\Task": "Classes"
                }
            }
        },
        {
            "name": "beech/workflow",
            "version": "dev-development",
            "source": {
                "type": "git",
                "url": "ssh://git.beech.local/EHRM/Package/WorkFlow.git",
                "reference": "e292a1988fef724fd8ad91def80deea046e8a6c3"
            },
            "require": {
                "typo3/flow": "*",
                "typo3/party": "*",
                "beech/ehrm": "*",
                "typo3/queue-redis": "*"
            },
            "time": "1352752114",
            "type": "typo3-flow-beech",
            "installation-source": "source",
            "autoload": {
                "psr-0": {
                    "Beech\\WorkFlow": "Classes"
                }
            }
        },
        {
            "name": "doctrine/common",
            "version": "2.3.x-dev",
            "source": {
                "type": "git",
                "url": "https://github.com/doctrine/common",
                "reference": "bb0aebbf234db52df476a2b473d434745b34221c"
            },
            "dist": {
                "type": "zip",
                "url": "https://github.com/doctrine/common/zipball/bb0aebbf234db52df476a2b473d434745b34221c",
                "reference": "bb0aebbf234db52df476a2b473d434745b34221c",
                "shasum": ""
            },
            "require": {
                "php": ">=5.3.2"
            },
            "type": "library",
            "extra": {
                "branch-alias": {
                    "dev-master": "2.3.x-dev"
                }
            },
            "installation-source": "source",
            "autoload": {
                "psr-0": {
                    "Doctrine\\Common": "lib/"
                }
            },
            "license": [
                "MIT"
            ],
            "authors": [
                {
                    "name": "Jonathan Wage",
                    "email": "jonwage@gmail.com",
                    "homepage": "http://www.jwage.com/"
                },
                {
                    "name": "Guilherme Blanco",
                    "email": "guilhermeblanco@gmail.com",
                    "homepage": "http://www.instaclick.com"
                },
                {
                    "name": "Roman Borschel",
                    "email": "roman@code-factory.org"
                },
                {
                    "name": "Benjamin Eberlei",
                    "email": "kontakt@beberlei.de"
                },
                {
                    "name": "Johannes Schmitt",
                    "email": "schmittjoh@gmail.com",
                    "homepage": "http://jmsyst.com",
                    "role": "Developer of wrapped JMSSerializerBundle"
                }
            ],
            "description": "Common Library for Doctrine projects",
            "homepage": "http://www.doctrine-project.org",
            "keywords": [
                "collections",
                "spl",
                "eventmanager",
                "annotations",
                "persistence"
            ],
            "time": "1348120518"
        },
        {
            "name": "doctrine/data-fixtures",
            "version": "dev-master",
            "source": {
                "type": "git",
                "url": "https://github.com/doctrine/data-fixtures.git",
                "reference": "a95d7839a7794c7c9b22d64e859ee70658d977fe"
            },
            "dist": {
                "type": "zip",
                "url": "https://github.com/doctrine/data-fixtures/archive/a95d7839a7794c7c9b22d64e859ee70658d977fe.zip",
                "reference": "a95d7839a7794c7c9b22d64e859ee70658d977fe",
                "shasum": ""
            },
            "require": {
                "php": ">=5.3.2"
            },
            "type": "library",
            "installation-source": "source",
            "autoload": {
                "psr-0": {
                    "Doctrine\\Common\\DataFixtures": "lib/"
                }
            },
            "license": [
                "MIT"
            ],
            "authors": [
                {
                    "name": "Jonathan Wage",
                    "email": "jonwage@gmail.com",
                    "homepage": "http://www.jwage.com/"
                }
            ],
            "description": "Data Fixtures for all Doctrine Object Managers",
            "homepage": "http://www.doctrine-project.org",
            "keywords": [
                "database"
            ],
            "time": "1351735543"
        },
        {
            "name": "doctrine/dbal",
            "version": "2.3.x-dev",
            "source": {
                "type": "git",
                "url": "https://github.com/doctrine/dbal",
                "reference": "292d5edd17e0a9b9a7ee9eb20d6ae1033059153f"
            },
            "dist": {
                "type": "zip",
                "url": "https://github.com/doctrine/dbal/archive/292d5edd17e0a9b9a7ee9eb20d6ae1033059153f.zip",
                "reference": "292d5edd17e0a9b9a7ee9eb20d6ae1033059153f",
                "shasum": ""
            },
            "require": {
                "php": ">=5.3.2",
                "doctrine/common": "2.3.*"
            },
            "type": "library",
            "extra": {
                "branch-alias": {
                    "dev-master": "2.3.x-dev"
                }
            },
            "installation-source": "source",
            "autoload": {
                "psr-0": {
                    "Doctrine\\DBAL": "lib/"
                }
            },
            "license": [
                "MIT"
            ],
            "authors": [
                {
                    "name": "Jonathan Wage",
                    "email": "jonwage@gmail.com",
                    "homepage": "http://www.jwage.com/"
                },
                {
                    "name": "Guilherme Blanco",
                    "email": "guilhermeblanco@gmail.com",
                    "homepage": "http://www.instaclick.com"
                },
                {
                    "name": "Roman Borschel",
                    "email": "roman@code-factory.org"
                },
                {
                    "name": "Benjamin Eberlei",
                    "email": "kontakt@beberlei.de"
                }
            ],
            "description": "Database Abstraction Layer",
            "homepage": "http://www.doctrine-project.org",
            "keywords": [
                "database",
                "persistence",
                "dbal",
                "queryobject"
            ],
            "time": "1352716871"
        },
        {
            "name": "doctrine/migrations",
            "version": "dev-master",
            "source": {
                "type": "git",
                "url": "https://github.com/doctrine/migrations",
                "reference": "c1d875ce7d092dd1bc7508c3867b5c6b97431e43"
            },
            "dist": {
                "type": "zip",
                "url": "https://github.com/doctrine/migrations/zipball/c1d875ce7d092dd1bc7508c3867b5c6b97431e43",
                "reference": "c1d875ce7d092dd1bc7508c3867b5c6b97431e43",
                "shasum": ""
            },
            "require": {
                "php": ">=5.3.2",
                "doctrine/dbal": ">=2.0,<2.5.x-dev"
            },
            "require-dev": {
                "symfony/console": "2.*",
                "symfony/yaml": "2.*"
            },
            "suggest": {
                "symfony/console": "to run the migration from the console"
            },
            "time": "1350643044",
            "type": "library",
            "installation-source": "source",
            "autoload": {
                "psr-0": {
                    "Doctrine\\DBAL\\Migrations": "lib"
                }
            },
            "license": [
                "LGPL"
            ],
            "authors": [
                {
                    "name": "Jonathan Wage",
                    "email": "jonwage@gmail.com",
                    "homepage": "http://www.jwage.com/"
                },
                {
                    "name": "Benjamin Eberlei",
                    "email": "kontakt@beberlei.de"
                }
            ],
            "description": "Database Schema migrations using Doctrine DBAL",
            "homepage": "http://www.doctrine-project.org",
            "keywords": [
                "database",
                "migrations"
            ]
        },
        {
            "name": "doctrine/orm",
            "version": "2.3.x-dev",
            "source": {
                "type": "git",
                "url": "git://github.com/doctrine/doctrine2.git",
                "reference": "77d060ab74212919f1eaace72842ea43bf420f43"
            },
            "dist": {
                "type": "zip",
                "url": "https://github.com/doctrine/doctrine2/archive/77d060ab74212919f1eaace72842ea43bf420f43.zip",
                "reference": "77d060ab74212919f1eaace72842ea43bf420f43",
                "shasum": ""
            },
            "require": {
                "php": ">=5.3.2",
                "ext-pdo": "*",
                "symfony/console": "2.*",
                "doctrine/dbal": "2.3.*"
            },
            "suggest": {
                "symfony/yaml": "If you want to use YAML Metadata Mapping Driver"
            },
            "bin": [
                "bin/doctrine",
                "bin/doctrine.php"
            ],
            "type": "library",
            "extra": {
                "branch-alias": {
                    "dev-master": "2.3.x-dev"
                }
            },
            "installation-source": "source",
            "autoload": {
                "psr-0": {
                    "Doctrine\\ORM": "lib/"
                }
            },
            "license": [
                "MIT"
            ],
            "authors": [
                {
                    "name": "Jonathan Wage",
                    "email": "jonwage@gmail.com",
                    "homepage": "http://www.jwage.com/"
                },
                {
                    "name": "Guilherme Blanco",
                    "email": "guilhermeblanco@gmail.com",
                    "homepage": "http://www.instaclick.com"
                },
                {
                    "name": "Roman Borschel",
                    "email": "roman@code-factory.org"
                },
                {
                    "name": "Benjamin Eberlei",
                    "email": "kontakt@beberlei.de"
                }
            ],
            "description": "Object-Relational-Mapper for PHP",
            "homepage": "http://www.doctrine-project.org",
            "keywords": [
                "database",
                "orm"
            ],
            "time": "1352731781"
        },
        {
            "name": "famelo/scaff",
            "version": "dev-master",
            "source": {
                "type": "git",
                "url": "https://github.com/mneuhaus/Famelo.Scaff",
                "reference": "260b9a3033771f8c6a29088179fb6d953f16ed32"
            },
            "dist": {
                "type": "zip",
                "url": "https://github.com/mneuhaus/Famelo.Scaff/archive/260b9a3033771f8c6a29088179fb6d953f16ed32.zip",
                "reference": "260b9a3033771f8c6a29088179fb6d953f16ed32",
                "shasum": ""
            },
            "require": {
                "typo3/flow": "*"
            },
            "time": "1352457877",
            "type": "typo3-flow-package",
            "installation-source": "source",
            "autoload": {
                "psr-0": {
                    "Famelo\\Scaff": "Classes"
                }
            }
        },
        {
            "name": "predis/predis",
            "version": "dev-master",
            "source": {
                "type": "git",
                "url": "git://github.com/nrk/predis.git",
                "reference": "b26d6103a62b0eff495b785ec15edf0ad7020ea8"
            },
            "dist": {
                "type": "zip",
                "url": "https://github.com/nrk/predis/archive/b26d6103a62b0eff495b785ec15edf0ad7020ea8.zip",
                "reference": "b26d6103a62b0eff495b785ec15edf0ad7020ea8",
                "shasum": ""
            },
            "require": {
                "php": ">=5.3.2"
            },
            "suggest": {
                "ext-phpiredis": "Allows faster serialization and deserialization of the Redis protocol",
                "ext-curl": "Allows access to Webdis when paired with phpiredis"
            },
            "time": "1352821495",
            "type": "library",
            "installation-source": "source",
            "autoload": {
                "psr-0": {
                    "Predis": "lib/"
                }
            },
            "license": [
                "MIT"
            ],
            "authors": [
                {
                    "name": "Daniele Alessandri",
                    "email": "suppakilla@gmail.com",
                    "homepage": "http://clorophilla.net"
                }
            ],
            "description": "Flexible and feature-complete PHP client library for Redis",
            "homepage": "http://github.com/nrk/predis",
            "keywords": [
                "nosql",
                "redis",
                "predis"
            ]
        },
        {
            "name": "radmiraal/couchdb",
            "version": "dev-master",
            "source": {
                "type": "git",
                "url": "git://github.com/radmiraal/Radmiraal.CouchDB.git",
                "reference": "ea7f000f23491ea7201e4d124c89d2dc8cf3bb0b"
            },
            "require": {
                "typo3/flow": "*",
                "typo3/couchdb": "*"
            },
            "time": "1353021011",
            "type": "typo3-flow-package",
            "installation-source": "source",
            "autoload": {
                "psr-0": {
                    "Radmiraal\\CouchDB": "Classes"
                }
            },
            "license": [
                "LGPL-3.0+"
            ]
        },
        {
            "name": "radmiraal/emberjs",
            "version": "dev-master",
            "source": {
                "type": "git",
                "url": "git://github.com/radmiraal/Radmiraal.Emberjs.git",
                "reference": "b60b328ffc30efe25dd703497f5effd0b57fc769"
            },
            "dist": {
                "type": "zip",
                "url": "https://github.com/radmiraal/Radmiraal.Emberjs/zipball/b60b328ffc30efe25dd703497f5effd0b57fc769",
                "reference": "b60b328ffc30efe25dd703497f5effd0b57fc769",
                "shasum": ""
            },
            "require": {
                "typo3/flow": "*"
            },
            "time": "1350603386",
            "type": "typo3-flow-package",
            "installation-source": "source",
            "autoload": {
                "psr-0": {
                    "Radmiraal\\Emberjs": "Classes"
                }
            }
        },
        {
            "name": "symfony/console",
            "version": "dev-master",
            "target-dir": "Symfony/Component/Console",
            "source": {
                "type": "git",
                "url": "https://github.com/symfony/Console",
                "reference": "6da537054e8f9f795e64a5b02eb7f9646c9b59e7"
            },
            "dist": {
                "type": "zip",
                "url": "https://github.com/symfony/Console/archive/6da537054e8f9f795e64a5b02eb7f9646c9b59e7.zip",
                "reference": "6da537054e8f9f795e64a5b02eb7f9646c9b59e7",
                "shasum": ""
            },
            "require": {
                "php": ">=5.3.3"
            },
            "time": "1352815684",
            "type": "library",
            "extra": {
                "branch-alias": {
                    "dev-master": "2.2-dev"
                }
            },
            "installation-source": "source",
            "autoload": {
                "psr-0": {
                    "Symfony\\Component\\Console\\": ""
                }
            },
            "license": [
                "MIT"
            ],
            "authors": [
                {
                    "name": "Fabien Potencier",
                    "email": "fabien@symfony.com"
                },
                {
                    "name": "Symfony Community",
                    "homepage": "http://symfony.com/contributors"
                }
            ],
            "description": "Symfony Console Component",
            "homepage": "http://symfony.com"
        },
        {
            "name": "symfony/dom-crawler",
            "version": "dev-master",
            "target-dir": "Symfony/Component/DomCrawler",
            "source": {
                "type": "git",
                "url": "https://github.com/symfony/DomCrawler",
                "reference": "e3aad2db097c953400a830fdd2f6edb2a42329c1"
            },
            "dist": {
                "type": "zip",
                "url": "https://github.com/symfony/DomCrawler/archive/e3aad2db097c953400a830fdd2f6edb2a42329c1.zip",
                "reference": "e3aad2db097c953400a830fdd2f6edb2a42329c1",
                "shasum": ""
            },
            "require": {
                "php": ">=5.3.3"
            },
            "require-dev": {
                "symfony/css-selector": "2.2.*"
            },
            "suggest": {
                "symfony/css-selector": "2.2.*"
            },
            "time": "1352815684",
            "type": "library",
            "extra": {
                "branch-alias": {
                    "dev-master": "2.2-dev"
                }
            },
            "installation-source": "source",
            "autoload": {
                "psr-0": {
                    "Symfony\\Component\\DomCrawler\\": ""
                }
            },
            "license": [
                "MIT"
            ],
            "authors": [
                {
                    "name": "Fabien Potencier",
                    "email": "fabien@symfony.com"
                },
                {
                    "name": "Symfony Community",
                    "homepage": "http://symfony.com/contributors"
                }
            ],
            "description": "Symfony DomCrawler Component",
            "homepage": "http://symfony.com"
        },
        {
            "name": "symfony/yaml",
            "version": "dev-master",
            "target-dir": "Symfony/Component/Yaml",
            "source": {
                "type": "git",
                "url": "https://github.com/symfony/Yaml",
                "reference": "bed4fddc24392513e01b32a78d600b1272ed9a6c"
            },
            "dist": {
                "type": "zip",
                "url": "https://github.com/symfony/Yaml/archive/bed4fddc24392513e01b32a78d600b1272ed9a6c.zip",
                "reference": "bed4fddc24392513e01b32a78d600b1272ed9a6c",
                "shasum": ""
            },
            "require": {
                "php": ">=5.3.3"
            },
            "time": "1352815684",
            "type": "library",
            "extra": {
                "branch-alias": {
                    "dev-master": "2.2-dev"
                }
            },
            "installation-source": "source",
            "autoload": {
                "psr-0": {
                    "Symfony\\Component\\Yaml\\": ""
                }
            },
            "license": [
                "MIT"
            ],
            "authors": [
                {
                    "name": "Fabien Potencier",
                    "email": "fabien@symfony.com"
                },
                {
                    "name": "Symfony Community",
                    "homepage": "http://symfony.com/contributors"
                }
            ],
            "description": "Symfony Yaml Component",
            "homepage": "http://symfony.com"
        },
        {
            "name": "typo3/couchdb",
            "version": "dev-master",
            "source": {
                "type": "git",
                "url": "git://github.com/radmiraal/TYPO3.CouchDB.git",
                "reference": "f22d0c122a228d5befd9f60a2ec5960175157cb4"
            },
            "require": {
                "typo3/flow": "*"
            },
            "time": "1353012756",
            "type": "typo3-flow-package",
            "installation-source": "source",
            "autoload": {
                "psr-0": {
                    "TYPO3\\CouchDB": "Classes"
                }
            },
            "description": "A CouchDB persistence backend for Flow with automatic query to view conversion"
        },
        {
            "name": "typo3/eel",
            "version": "dev-master",
            "source": {
                "type": "git",
                "url": "git://git.typo3.org/FLOW3/Packages/TYPO3.Eel.git",
                "reference": "3c92516a303bea9a368c31dbd566481a1f364ab5"
            },
            "require": {
                "typo3/flow": "*"
            },
            "time": "1350462923",
            "type": "typo3-flow-package",
            "installation-source": "source",
            "autoload": {
                "psr-0": {
                    "TYPO3\\Eel": "Classes"
                }
            }
        },
        {
            "name": "typo3/expose",
            "version": "dev-master",
            "source": {
                "type": "git",
                "url": "git://git.typo3.org/FLOW3/Packages/TYPO3.Expose.git",
                "reference": "870b5419d0cd50a9235c6af250a178bcf068493c"
            },
            "require": {
                "typo3/flow-composer-installers": "*",
                "typo3/flow": "*",
                "typo3/form": "*",
                "typo3/typoscript": "*"
            },
            "time": "1350549203",
            "type": "typo3-flow-package",
            "installation-source": "source",
            "autoload": {
                "psr-0": {
                    "TYPO3\\Expose": "Classes"
                }
            },
            "license": [
                "LGPL-3.0+"
            ],
            "description": "Package to expose models"
        },
        {
            "name": "typo3/flow",
            "version": "dev-master",
            "source": {
                "type": "git",
                "url": "git://git.typo3.org/FLOW3/Packages/TYPO3.FLOW3.git",
                "reference": "8daa495e5a6d1677334d6a29be353652dc3324e7"
            },
            "require": {
                "php": ">=5.3.2",
                "ext-zlib": "*",
                "ext-spl": "*",
                "ext-json": ">=1.2.0",
                "ext-session": "*",
                "typo3/fluid": "*",
                "typo3/party": "*",
                "doctrine/orm": "2.3.*",
                "doctrine/migrations": "*",
                "doctrine/data-fixtures": "*",
                "symfony/yaml": ">2.1.0",
                "symfony/dom-crawler": ">2.0.16",
                "typo3/flow-composer-installers": "*"
            },
            "time": "1352757756",
            "type": "typo3-flow-framework",
            "installation-source": "source",
            "autoload": {
                "psr-0": {
                    "TYPO3\\Flow": "Classes"
                }
            },
            "license": [
                "LGPL-3.0+"
            ],
            "authors": [
                {
                    "name": "TYPO3 Flow Development Team",
                    "homepage": "http://typo3.org/teams/core-development-team/"
                }
            ],
            "description": "TYPO3 Flow Application Framework",
            "homepage": "http://flow.typo3.org",
            "keywords": [
                "framework"
            ]
        },
        {
            "name": "typo3/flow-composer-installers",
            "version": "dev-master",
            "source": {
                "type": "git",
                "url": "git://github.com/christianjul/installers.git",
                "reference": "53318d52eeda45dee97be288b8f744be00662f37"
            },
            "replace": {
                "shama/baton": "*"
            },
            "require-dev": {
                "composer/composer": "1.0.*"
            },
            "time": "1350315157",
            "type": "composer-installer",
            "extra": {
                "class": "Composer\\Installers\\Installer"
            },
            "installation-source": "source",
            "autoload": {
                "psr-0": {
                    "Composer\\Installers\\": "src/"
                }
            },
            "license": [
                "MIT"
            ],
            "authors": [
                {
                    "name": "Kyle Robinson Young",
                    "email": "kyle@dontkry.com",
                    "homepage": "https://github.com/shama"
                }
            ],
            "description": "A multi-framework Composer library installer",
            "homepage": "http://composer.github.com/installers/",
            "keywords": [
                "installer",
                "cakephp",
                "laravel",
                "kohana",
                "li3",
                "lithium",
                "fuelphp",
                "codeigniter",
                "symfony",
                "phpbb",
                "ppi",
                "joomla",
                "wordpress",
                "drupal",
                "zend",
                "silverstripe",
                "TYPO3 Flow"
            ]
        },
        {
            "name": "typo3/fluid",
            "version": "dev-master",
            "source": {
                "type": "git",
                "url": "git://git.typo3.org/FLOW3/Packages/TYPO3.Fluid.git",
                "reference": "65ea61e4c17f6d635ef828afd90f2e01b3795e52"
            },
            "require": {
                "typo3/flow-composer-installers": "*",
                "typo3/flow": "*"
            },
            "type": "typo3-flow-framework",
            "installation-source": "source",
            "autoload": {
                "psr-0": {
                    "TYPO3\\Fluid": "Classes"
                }
            },
            "license": [
                "LGPL-3.0+"
            ],
            "description": "Next-Generation Templating Framework for TYPO3 Flow and TYPO3 5.0, also backported to TYPO3 4.x",
            "time": "1352278752"
        },
        {
            "name": "typo3/form",
            "version": "dev-master",
            "source": {
                "type": "git",
                "url": "git://git.typo3.org/FLOW3/Packages/TYPO3.Form.git",
                "reference": "17c1d68862875009ef94ec4c8560d0debeac187b"
            },
            "require": {
                "typo3/flow": "*"
            },
            "time": "1352405055",
            "type": "typo3-flow-package",
            "installation-source": "source",
            "autoload": {
                "psr-0": {
                    "TYPO3\\Form": "Classes"
                }
            },
            "description": "Extensible and flexible API for building web forms"
        },
        {
            "name": "typo3/formbuilder",
            "version": "dev-master",
            "source": {
                "type": "git",
                "url": "git://git.typo3.org/FLOW3/Packages/TYPO3.FormBuilder.git",
                "reference": "51f1b6a09851d97e2440cafe6cbec5a95b5f456d"
            },
            "require": {
                "typo3/flow": "*",
                "typo3/form": "*"
            },
            "time": "1349783475",
            "type": "typo3-flow-package",
            "installation-source": "source",
            "autoload": {
                "psr-0": {
                    "TYPO3\\FormBuilder": "Classes"
                }
            },
            "description": "Graphical User Interface for creating and editing Forms based on the TYPO3 Flow Form Framework"
        },
        {
            "name": "typo3/ldap",
            "version": "dev-master",
            "source": {
                "type": "git",
                "url": "git://git.typo3.org/FLOW3/Packages/LDAP.git",
                "reference": "3e621f8d2e2ae2f6082dd58638a4330c05fbd115"
            },
            "require": {
                "typo3/flow": "*"
            },
            "time": "1349709668",
            "type": "typo3-flow-package",
            "installation-source": "source",
            "autoload": {
                "psr-0": {
                    "TYPO3\\LDAP": "Classes"
                }
            },
            "description": "LDAP Authentication for Flow"
        },
        {
            "name": "typo3/party",
            "version": "dev-master",
            "source": {
                "type": "git",
                "url": "git://git.typo3.org/FLOW3/Packages/TYPO3.Party.git",
                "reference": "aae5f6ee2cbf6adb1728bf23a04707347785f4a9"
            },
            "require": {
                "typo3/flow-composer-installers": "*",
                "typo3/flow": "*"
            },
            "time": "1352382512",
            "type": "typo3-flow-framework",
            "installation-source": "source",
            "autoload": {
                "psr-0": {
                    "TYPO3\\Party": "Classes"
                }
            },
            "license": [
                "LGPL-3.0+"
            ],
            "description": "A PHP implementation of the OASIS Customer Information Quality (CIQ) XML Standard."
        },
        {
            "name": "typo3/queue",
            "version": "dev-master",
            "source": {
                "type": "git",
                "url": "git://github.com/radmiraal/TYPO3.Queue.git",
                "reference": "6fd6469e97b56116d479998273ce494a1b4e95c0"
            },
            "require": {
                "typo3/flow": "*"
            },
            "time": "1349857489",
            "type": "typo3-flow-package",
            "installation-source": "source",
            "autoload": {
                "psr-0": {
                    "TYPO3\\Queue": "Classes"
                }
            }
        },
        {
            "name": "typo3/queue-redis",
            "version": "dev-master",
            "source": {
                "type": "git",
                "url": "git://git.typo3.org/FLOW3/Packages/TYPO3.Queue.Redis.git",
                "reference": "bbfdf6ada94caf6ad5c147a99f0aac1cbc0e3ddc"
            },
            "require": {
                "typo3/flow": "*",
                "typo3/queue": "*",
                "predis/predis": "*"
            },
            "time": "1349851779",
            "type": "typo3-flow-package",
            "installation-source": "source",
            "autoload": {
                "psr-0": {
                    "TYPO3\\Queue\\Redis": "Classes"
                }
            }
        },
        {
            "name": "typo3/surf",
            "version": "dev-master",
            "source": {
                "type": "git",
                "url": "git://git.typo3.org/FLOW3/Packages/TYPO3.Surf.git",
                "reference": "f95422f0d9a82a99bce5869da80b2be0eaf1973c"
            },
            "require": {
                "typo3/flow": "*"
            },
            "time": "1352459156",
            "type": "typo3-flow-package",
            "installation-source": "source",
            "autoload": {
                "psr-0": {
                    "TYPO3\\Surf": "Classes"
                }
            }
        },
        {
            "name": "typo3/tcpdf",
            "version": "dev-master",
            "source": {
                "type": "git",
                "url": "git://git.typo3.org/FLOW3/Packages/TYPO3.TcPdf.git",
                "reference": "2ee8dae83ad93c9d56394e2aede9458772865725"
            },
            "require": {
                "typo3/flow": "*"
            },
            "time": "1349777876",
            "type": "typo3-flow-package",
            "installation-source": "source",
            "autoload": {
                "psr-0": {
                    "TYPO3\\TcPdf": "Classes"
                }
            }
        },
        {
            "name": "typo3/twitter-bootstrap",
            "version": "dev-master",
            "source": {
                "type": "git",
                "url": "git://git.typo3.org/FLOW3/Packages/Twitter.Bootstrap.git",
                "reference": "c1343bce953a2d81419b60cac3b83fec6fa22318"
            },
            "require": {
                "typo3/flow": "*"
            },
            "time": "1352404249",
            "type": "typo3-flow-package",
            "installation-source": "source",
            "autoload": {
                "psr-0": {
                    "TYPO3\\Twitter\\Bootstrap": "Classes"
                }
            },
            "description": "Simple and flexible HTML, CSS, and Javascript for popular user interface components and interactions. Packaged for use with TYPO3 Flow"
        },
        {
            "name": "typo3/typoscript",
            "version": "dev-master",
            "source": {
                "type": "git",
                "url": "git://git.typo3.org/FLOW3/Packages/TYPO3.TypoScript.git",
                "reference": "cfc7826d065ca05062a25103e96d464c5e78d91a"
            },
            "require": {
                "typo3/flow": "*",
                "typo3/eel": "*"
            },
            "time": "1352457066",
            "type": "typo3-flow-package",
            "installation-source": "source",
            "autoload": {
                "psr-0": {
                    "TYPO3\\TypoScript": "Classes"
                }
            }
        }
    ],
    "packages-dev": [
        {
            "name": "beech/dev-tools",
            "version": "dev-development",
            "source": {
                "type": "git",
                "url": "ssh://git.beech.local/EHRM/Package/DevTools.git",
                "reference": "53201979175bb09638d2b7b6be6303027e7698cf"
            },
            "require": {
                "typo3/flow": "*"
            },
            "time": "1351262613",
            "type": "typo3-flow-beech",
            "installation-source": "source",
            "autoload": {
                "psr-0": {
                    "Beech\\DevTools": "Classes"
                }
            }
        },
        {
            "name": "beech/style",
            "version": "dev-development",
            "source": {
                "type": "git",
                "url": "ssh://git.beech.local/EHRM/Package/Style.git",
                "reference": "c8fdb4e754a3638c53416936f3910158b99a46e9"
            },
            "require": {
                "typo3/flow": "*",
                "beech/ehrm": "*"
            },
            "time": "1352924743",
            "type": "typo3-flow-beech",
            "installation-source": "source",
            "autoload": {
                "psr-0": {
                    "Beech\\Style": "Classes"
                }
            }
        },
        {
            "name": "debug/toolbar",
            "version": "dev-master",
            "source": {
                "type": "git",
                "url": "https://github.com/mneuhaus/Debug.Toolbar",
                "reference": "53abe22441a09a7217006e89ead8d0ea3bf3b429"
            },
            "dist": {
                "type": "zip",
                "url": "https://github.com/mneuhaus/Debug.Toolbar/archive/53abe22441a09a7217006e89ead8d0ea3bf3b429.zip",
                "reference": "53abe22441a09a7217006e89ead8d0ea3bf3b429",
                "shasum": ""
            },
            "require": {
                "typo3/flow": "*"
            },
            "time": "1352901426",
            "type": "typo3-flow-package",
            "installation-source": "source",
            "autoload": {
                "psr-0": {
                    "Debug\\Toolbar": "Classes"
                }
            }
        },
        {
            "name": "mikey179/vfsStream",
            "version": "v1.1.0",
            "source": {
                "type": "git",
                "url": "https://github.com/mikey179/vfsStream",
                "reference": "v1.1.0"
            },
            "dist": {
                "type": "zip",
                "url": "https://github.com/mikey179/vfsStream/zipball/v1.1.0",
                "reference": "v1.1.0",
                "shasum": ""
            },
            "require": {
                "php": ">=5.3.0"
            },
            "time": "2012-08-25 05:49:29",
            "type": "library",
            "installation-source": "dist",
            "autoload": {
                "psr-0": {
                    "org\\bovigo\\vfs": "src/main/php"
                }
            },
            "license": [
                "BSD"
            ],
            "homepage": "http://vfs.bovigo.org/"
        },
        {
            "name": "sandstorm/phpprofiler",
            "version": "1.0.2",
            "source": {
                "type": "git",
                "url": "https://github.com/sandstorm/PhpProfiler.git",
                "reference": "1.0.2"
            },
            "dist": {
                "type": "zip",
                "url": "https://github.com/sandstorm/PhpProfiler/zipball/1.0.2",
                "reference": "1.0.2",
                "shasum": ""
            },
            "time": "2012-10-18 23:04:24",
            "type": "typo3-flow-package",
            "installation-source": "dist",
            "autoload": {
                "psr-0": {
                    "Sandstorm\\PhpProfiler": "Classes"
                }
            },
            "license": [
                "GPL-3.0+"
            ],
            "authors": [
                {
                    "name": "Sebastian Kurfürst",
                    "homepage": "http://sandstorm-media.de",
                    "role": "Developer"
                }
            ],
            "description": "Base package for collecting timers and xhprof traces. To be used with sandstorm|plumber for visualization."
        },
        {
            "name": "sandstorm/plumber",
            "version": "dev-master",
            "source": {
                "type": "git",
                "url": "git://github.com/sandstorm/Plumber.git",
                "reference": "46fbbdff070169facfdf1ca0679454379767bbdd"
            },
            "dist": {
                "type": "zip",
                "url": "https://github.com/sandstorm/Plumber/zipball/46fbbdff070169facfdf1ca0679454379767bbdd",
                "reference": "46fbbdff070169facfdf1ca0679454379767bbdd",
                "shasum": ""
            },
            "require": {
                "typo3/flow": "*",
                "sandstorm/phpprofiler": "1.0.*"
            },
            "time": "1350628170",
            "type": "typo3-flow-package",
            "installation-source": "source",
            "autoload": {
                "psr-0": {
                    "Sandstorm\\Plumber": "Classes"
                }
            },
            "license": [
                "GPL-3.0+"
            ],
            "authors": [
                {
                    "name": "Sebastian Kurfürst",
                    "homepage": "http://sandstorm-media.de",
                    "role": "Developer"
                }
            ],
            "description": "Profiling Toolkit for TYPO3 Flow and Neos",
            "keywords": [
                "flow",
                "debugging",
                "profiler",
                "profiling",
                "xhprof",
                "benchmark",
                "TYPO3 Flow",
                "Neos",
                "TYPO3 Neos"
            ]
        },
        {
            "name": "typo3/buildessentials",
            "version": "dev-master",
            "source": {
                "type": "git",
                "url": "git://git.typo3.org/FLOW3/BuildEssentials.git",
                "reference": "3084766f15019a2a029c22a5039cfe58f37f8f97"
            },
            "require": {
                "php": ">=5.3.2",
                "typo3/flow-composer-installers": "*"
            },
            "time": "1352409208",
            "type": "typo3-flow-build",
            "installation-source": "source",
            "license": [
                "LGPL-3.0+"
            ],
            "description": "TYPO3 Flow Build Toolchain Essentials"
        },
        {
            "name": "typo3/kickstart",
            "version": "dev-master",
            "source": {
                "type": "git",
                "url": "git://git.typo3.org/FLOW3/Packages/TYPO3.Kickstart.git",
                "reference": "4280efb254988ba03c6c1d2013377fd026cd1e29"
            },
            "require": {
                "typo3/flow": "*"
            },
            "time": "1349281880",
            "type": "typo3-flow-framework",
            "installation-source": "source",
            "autoload": {
                "psr-0": {
                    "TYPO3\\Kickstart": "Classes"
                }
            },
            "license": [
                "LGPL-3.0+"
            ],
            "description": "A simple generator for controller and views."
        }
    ],
    "aliases": [

    ],
    "minimum-stability": "dev",
    "stability-flags": {
        "typo3/flow": 20,
        "typo3/eel": 20,
        "typo3/form": 20,
        "typo3/formbuilder": 20,
        "typo3/tcpdf": 20,
        "typo3/typoscript": 20,
        "typo3/surf": 20,
        "typo3/ldap": 20,
        "typo3/twitter-bootstrap": 20,
        "radmiraal/emberjs": 20,
        "famelo/scaff": 20,
        "typo3/expose": 20,
        "beech/ehrm": 20,
        "beech/party": 20,
        "beech/task": 20,
        "beech/calendar": 20,
        "beech/cla": 20,
        "beech/document": 20,
        "beech/workflow": 20,
        "beech/minutes": 20,
        "beech/absence": 20,
        "beech/essentials": 20,
        "radmiraal/couchdb": 20,
        "typo3/buildessentials": 20,
        "beech/dev-tools": 20,
        "typo3/kickstart": 20,
        "beech/style": 20,
        "debug/toolbar": 20,
        "sandstorm/plumber": 20
    }
}
